<?xml version="1.0" encoding="utf-8"?>
<Project ToolsVersion="4.0" xmlns="http://schemas.microsoft.com/developer/msbuild/2003">
  <ItemGroup>
    <Filter Include="Archivos de origen">
      <UniqueIdentifier>{4FC737F1-C7A5-4376-A066-2A32D752A2FF}</UniqueIdentifier>
      <Extensions>cpp;c;cc;cxx;c++;cppm;ixx;def;odl;idl;hpj;bat;asm;asmx</Extensions>
    </Filter>
    <Filter Include="Archivos de encabezado">
      <UniqueIdentifier>{93995380-89BD-4b04-88EB-625FBE52EBFB}</UniqueIdentifier>
      <Extensions>h;hh;hpp;hxx;h++;hm;inl;inc;ipp;xsd</Extensions>
    </Filter>
    <Filter Include="Archivos de recursos">
      <UniqueIdentifier>{67DA6AB6-F800-4c08-8B7A-83BB121AAD01}</UniqueIdentifier>
      <Extensions>rc;ico;cur;bmp;dlg;rc2;rct;bin;rgs;gif;jpg;jpeg;jpe;resx;tiff;tif;png;wav;mfcribbon-ms</Extensions>
    </Filter>
    <Filter Include="Archivos de encabezado\ECS">
      <UniqueIdentifier>{eee84ae3-9b7e-4db6-94a3-408da423de13}</UniqueIdentifier>
    </Filter>
    <Filter Include="Archivos de origen\ECS">
      <UniqueIdentifier>{ea6d89b3-6901-48d8-aff8-f4526eedeff0}</UniqueIdentifier>
    </Filter>
    <Filter Include="Archivos de encabezado\ElHornoBase">
      <UniqueIdentifier>{b3d4cbf8-8741-4b88-990a-56ccf2ae6db6}</UniqueIdentifier>
    </Filter>
    <Filter Include="Archivos de origen\ElHornoBase">
      <UniqueIdentifier>{aa8b791d-a27b-4f29-9815-ff4e68b76faf}</UniqueIdentifier>
    </Filter>
    <Filter Include="Archivos de encabezado\EventManager">
      <UniqueIdentifier>{fec29e48-92bc-4cec-8abe-85dc09b48e16}</UniqueIdentifier>
    </Filter>
    <Filter Include="Archivos de origen\EventManager">
      <UniqueIdentifier>{d39b7c61-52d2-4638-a207-939a3e3c7768}</UniqueIdentifier>
    </Filter>
    <Filter Include="Archivos de encabezado\ElHornoInput">
      <UniqueIdentifier>{6481fc65-c905-4cab-a112-9dd3b62c2bbb}</UniqueIdentifier>
    </Filter>
    <Filter Include="Archivos de origen\ElHornoInput">
      <UniqueIdentifier>{a044515a-4b8a-4b25-8129-73da9ae02d60}</UniqueIdentifier>
    </Filter>
  </ItemGroup>
  <ItemGroup>
    <ClCompile Include="..\..\Src\ElHornoBase\ECS\Entity.cpp">
      <Filter>Archivos de origen\ECS</Filter>
    </ClCompile>
    <ClCompile Include="..\..\Src\ElHornoBase\ECS\Component.cpp">
      <Filter>Archivos de origen\ECS</Filter>
    </ClCompile>
    <ClCompile Include="..\..\Src\ElHornoBase\ElHornoBase.cpp">
      <Filter>Archivos de origen\ElHornoBase</Filter>
    </ClCompile>
    <ClCompile Include="..\..\Src\ElHornoBase\OurFrameListener.cpp">
      <Filter>Archivos de origen\ElHornoBase</Filter>
    </ClCompile>
    <ClCompile Include="EventManager.cpp">
      <Filter>Archivos de origen\EventManager</Filter>
    </ClCompile>
    <ClCompile Include="EventListener.cpp">
      <Filter>Archivos de origen\EventManager</Filter>
    </ClCompile>
    <ClCompile Include="..\..\Src\ElHornoBase\ECS\Factory.cpp">
      <Filter>Archivos de origen\ECS</Filter>
    </ClCompile>
    <ClCompile Include="..\..\Src\ElHornoBase\ElHornoInput\InputManager.cpp">
      <Filter>Archivos de origen\ElHornoInput</Filter>
    </ClCompile>
    <ClCompile Include="..\..\Src\ElHornoBase\ECS\FactoryCreator.cpp">
      <Filter>Archivos de origen\ECS</Filter>
    </ClCompile>
  </ItemGroup>
  <ItemGroup>
    <ClInclude Include="..\..\Src\ElHornoBase\ECS\Entity.h">
      <Filter>Archivos de encabezado\ECS</Filter>
    </ClInclude>
    <ClInclude Include="..\..\Src\ElHornoBase\ECS\Component.h">
      <Filter>Archivos de encabezado\ECS</Filter>
    </ClInclude>
    <ClInclude Include="..\..\Src\ElHornoBase\ElHornoBase.h">
      <Filter>Archivos de encabezado\ElHornoBase</Filter>
    </ClInclude>
    <ClInclude Include="..\..\Src\ElHornoBase\OurFrameListener.h">
      <Filter>Archivos de encabezado\ElHornoBase</Filter>
    </ClInclude>
    <ClInclude Include="EventManager.h">
      <Filter>Archivos de encabezado\EventManager</Filter>
    </ClInclude>
    <ClInclude Include="Event.h">
      <Filter>Archivos de encabezado\EventManager</Filter>
    </ClInclude>
    <ClInclude Include="EventListener.h">
      <Filter>Archivos de encabezado\EventManager</Filter>
    </ClInclude>
    <ClInclude Include="..\..\Src\ElHornoBase\ECS\Factory.h">
      <Filter>Archivos de encabezado\ECS</Filter>
    </ClInclude>
    <ClInclude Include="..\..\Src\ElHornoBase\ECS\FactoryCreator.h">
      <Filter>Archivos de encabezado\ECS</Filter>
    </ClInclude>
    <ClInclude Include="..\..\Src\ElHornoBase\ElHornoInput\InputManager.h">
      <Filter>Archivos de encabezado\ElHornoInput</Filter>
    </ClInclude>
  </ItemGroup>
</Project>