<?xml version="1.0" encoding="utf-8"?>
<Project ToolsVersion="4.0" xmlns="http://schemas.microsoft.com/developer/msbuild/2003">
  <ItemGroup>
    <Filter Include="Archivos de origen">
      <UniqueIdentifier>{4FC737F1-C7A5-4376-A066-2A32D752A2FF}</UniqueIdentifier>
      <Extensions>cpp;c;cc;cxx;c++;cppm;ixx;def;odl;idl;hpj;bat;asm;asmx</Extensions>
    </Filter>
    <Filter Include="Archivos de encabezado">
      <UniqueIdentifier>{93995380-89BD-4b04-88EB-625FBE52EBFB}</UniqueIdentifier>
      <Extensions>h;hh;hpp;hxx;h++;hm;inl;inc;ipp;xsd</Extensions>
    </Filter>
    <Filter Include="Archivos de recursos">
      <UniqueIdentifier>{67DA6AB6-F800-4c08-8B7A-83BB121AAD01}</UniqueIdentifier>
      <Extensions>rc;ico;cur;bmp;dlg;rc2;rct;bin;rgs;gif;jpg;jpeg;jpe;resx;tiff;tif;png;wav;mfcribbon-ms</Extensions>
    </Filter>
    <Filter Include="Archivos de encabezado\ECS">
      <UniqueIdentifier>{eee84ae3-9b7e-4db6-94a3-408da423de13}</UniqueIdentifier>
    </Filter>
    <Filter Include="Archivos de origen\ECS">
      <UniqueIdentifier>{ea6d89b3-6901-48d8-aff8-f4526eedeff0}</UniqueIdentifier>
    </Filter>
    <Filter Include="Archivos de encabezado\ElHornoBase">
      <UniqueIdentifier>{b3d4cbf8-8741-4b88-990a-56ccf2ae6db6}</UniqueIdentifier>
    </Filter>
    <Filter Include="Archivos de origen\ElHornoBase">
      <UniqueIdentifier>{aa8b791d-a27b-4f29-9815-ff4e68b76faf}</UniqueIdentifier>
    </Filter>
    <Filter Include="Archivos de encabezado\EventManager">
      <UniqueIdentifier>{fec29e48-92bc-4cec-8abe-85dc09b48e16}</UniqueIdentifier>
    </Filter>
    <Filter Include="Archivos de origen\EventManager">
      <UniqueIdentifier>{d39b7c61-52d2-4638-a207-939a3e3c7768}</UniqueIdentifier>
    </Filter>
    <Filter Include="Archivos de encabezado\Components">
      <UniqueIdentifier>{2dd4bb45-424b-4314-8bda-a4341a2289c5}</UniqueIdentifier>
    </Filter>
    <Filter Include="Archivos de origen\Components">
      <UniqueIdentifier>{029e4acb-789c-4f1e-b555-e3c88202ba34}</UniqueIdentifier>
    </Filter>
    <Filter Include="Archivos de origen\SceneManager">
      <UniqueIdentifier>{39e6fa96-52a7-4bb0-aacf-79073b0ab73d}</UniqueIdentifier>
    </Filter>
    <Filter Include="Archivos de encabezado\SceneManager">
      <UniqueIdentifier>{6708f662-9333-4b01-99ba-9b4572bf6fc6}</UniqueIdentifier>
    </Filter>
    <Filter Include="Archivos de encabezado\Other">
      <UniqueIdentifier>{a73bc669-22b0-4f0a-ad9b-7679584cbade}</UniqueIdentifier>
    </Filter>
    <Filter Include="Archivos de origen\Other">
      <UniqueIdentifier>{085b2b2c-b202-4284-843a-81e8dd36686f}</UniqueIdentifier>
    </Filter>
  </ItemGroup>
  <ItemGroup>
    <ClCompile Include="..\..\Src\ElHornoBase\ElHornoBase.cpp">
      <Filter>Archivos de origen\ElHornoBase</Filter>
    </ClCompile>
    <ClCompile Include="..\..\Src\ElHornoBase\OurFrameListener.cpp">
      <Filter>Archivos de origen\ElHornoBase</Filter>
    </ClCompile>
    <ClCompile Include="..\..\Src\ElHornoBase\CameraComponent.cpp">
      <Filter>Archivos de origen\Components</Filter>
    </ClCompile>
    <ClCompile Include="..\..\Src\ElHornoBase\Mesh.cpp">
      <Filter>Archivos de origen\Components</Filter>
    </ClCompile>
    <ClCompile Include="..\..\Src\ElHornoBase\Transform.cpp">
      <Filter>Archivos de origen\Components</Filter>
    </ClCompile>
    <ClCompile Include="..\..\Src\ElHornoBase\Component.cpp">
      <Filter>Archivos de origen\ECS</Filter>
    </ClCompile>
    <ClCompile Include="..\..\Src\ElHornoBase\Entity.cpp">
      <Filter>Archivos de origen\ECS</Filter>
    </ClCompile>
    <ClCompile Include="..\..\Src\ElHornoBase\Factory.cpp">
      <Filter>Archivos de origen\ECS</Filter>
    </ClCompile>
    <ClCompile Include="..\..\Src\ElHornoBase\FactoryCreator.cpp">
      <Filter>Archivos de origen\ECS</Filter>
    </ClCompile>
    <ClCompile Include="..\..\Src\ElHornoBase\EventListener.cpp">
      <Filter>Archivos de origen\EventManager</Filter>
    </ClCompile>
    <ClCompile Include="..\..\Src\ElHornoBase\EventManager.cpp">
      <Filter>Archivos de origen\EventManager</Filter>
    </ClCompile>
    <ClCompile Include="..\..\Src\ElHornoBase\Scene.cpp">
      <Filter>Archivos de origen\SceneManager</Filter>
    </ClCompile>
    <ClCompile Include="..\..\Src\ElHornoBase\SceneManager.cpp">
      <Filter>Archivos de origen\SceneManager</Filter>
    </ClCompile>
    <ClCompile Include="..\..\Src\ElHornoBase\AudioListenerComponent.cpp">
      <Filter>Archivos de origen\Components</Filter>
    </ClCompile>
    <ClCompile Include="..\..\Src\ElHornoBase\AudioComponent.cpp">
      <Filter>Archivos de origen\Components</Filter>
    </ClCompile>
    <ClCompile Include="..\..\Src\ElHornoBase\HornoConversions.cpp">
      <Filter>Archivos de origen\Other</Filter>
    </ClCompile>
    <ClCompile Include="..\..\Src\ElHornoBase\Timer.cpp">
      <Filter>Archivos de origen\Other</Filter>
    </ClCompile>
    <ClCompile Include="..\..\Src\ElHornoBase\ParticleSystem.cpp">
      <Filter>Archivos de origen\Components</Filter>
    </ClCompile>
    <ClCompile Include="..\..\Src\ElHornoBase\AnimatorController.cpp">
      <Filter>Archivos de origen\Components</Filter>
    </ClCompile>
  </ItemGroup>
  <ItemGroup>
    <ClInclude Include="..\..\Src\ElHornoBase\ElHornoBase.h">
      <Filter>Archivos de encabezado\ElHornoBase</Filter>
    </ClInclude>
    <ClInclude Include="..\..\Src\ElHornoBase\OurFrameListener.h">
      <Filter>Archivos de encabezado\ElHornoBase</Filter>
    </ClInclude>
    <ClInclude Include="..\..\Src\ElHornoBase\CameraComponent.h">
      <Filter>Archivos de encabezado\Components</Filter>
    </ClInclude>
    <ClInclude Include="..\..\Src\ElHornoBase\Mesh.h">
      <Filter>Archivos de encabezado\Components</Filter>
    </ClInclude>
    <ClInclude Include="..\..\Src\ElHornoBase\Transform.h">
      <Filter>Archivos de encabezado\Components</Filter>
    </ClInclude>
    <ClInclude Include="..\..\Src\ElHornoBase\Component.h">
      <Filter>Archivos de encabezado\ECS</Filter>
    </ClInclude>
    <ClInclude Include="..\..\Src\ElHornoBase\Entity.h">
      <Filter>Archivos de encabezado\ECS</Filter>
    </ClInclude>
    <ClInclude Include="..\..\Src\ElHornoBase\Factory.h">
      <Filter>Archivos de encabezado\ECS</Filter>
    </ClInclude>
    <ClInclude Include="..\..\Src\ElHornoBase\FactoryCreator.h">
      <Filter>Archivos de encabezado\ECS</Filter>
    </ClInclude>
    <ClInclude Include="..\..\Src\ElHornoBase\Event.h">
      <Filter>Archivos de encabezado\EventManager</Filter>
    </ClInclude>
    <ClInclude Include="..\..\Src\ElHornoBase\EventListener.h">
      <Filter>Archivos de encabezado\EventManager</Filter>
    </ClInclude>
    <ClInclude Include="..\..\Src\ElHornoBase\EventManager.h">
      <Filter>Archivos de encabezado\EventManager</Filter>
    </ClInclude>
    <ClInclude Include="..\..\Src\ElHornoBase\Scene.h">
      <Filter>Archivos de encabezado\SceneManager</Filter>
    </ClInclude>
    <ClInclude Include="..\..\Src\ElHornoBase\SceneManager.h">
      <Filter>Archivos de encabezado\SceneManager</Filter>
    </ClInclude>
    <ClInclude Include="..\..\Src\ElHornoBase\AudioListenerComponent.h">
      <Filter>Archivos de encabezado\Components</Filter>
    </ClInclude>
    <ClInclude Include="..\..\Src\ElHornoBase\AudioComponent.h">
      <Filter>Archivos de encabezado\Components</Filter>
    </ClInclude>
    <ClInclude Include="..\..\Src\ElHornoBase\HornoConversions.h">
      <Filter>Archivos de encabezado\Other</Filter>
    </ClInclude>
    <ClInclude Include="..\..\Src\ElHornoBase\Timer.h">
      <Filter>Archivos de encabezado\Other</Filter>
    </ClInclude>
    <ClInclude Include="..\..\Src\ElHornoBase\ParticleSystem.h">
      <Filter>Archivos de encabezado\Components</Filter>
    </ClInclude>
    <ClInclude Include="..\..\Src\ElHornoBase\AnimatorController.h">
      <Filter>Archivos de encabezado\Components</Filter>
    </ClInclude>
  </ItemGroup>
</Project>