
Microsoft Visual Studio Solution File, Format Version 12.00
# Visual Studio Version 16
VisualStudioVersion = 16.0.31624.102
MinimumVisualStudioVersion = 10.0.40219.1
Project("{8BC9CEB8-8B4A-11D0-8D11-00A0C91BC942}") = "ElHornoBullet", "Projects\ElHornoBullet\ElHornoBullet.vcxproj", "{9DFF8A63-CBC1-4E02-A642-992B5A527F5B}"
EndProject
Project("{8BC9CEB8-8B4A-11D0-8D11-00A0C91BC942}") = "ElHornoTest", "Projects\ElHornoTest\ElHornoTest.vcxproj", "{4910A6A0-5885-4D79-B7A1-C99FDAB370FE}"
EndProject
Project("{8BC9CEB8-8B4A-11D0-8D11-00A0C91BC942}") = "ElHornoBase", "Projects\ElHornoBase\ElHornoBase.vcxproj", "{9C97FA9F-4C60-470C-AAF4-4B946B30D58D}"
EndProject
Project("{8BC9CEB8-8B4A-11D0-8D11-00A0C91BC942}") = "ElHornoFMOD", "Projects\ElHornoFMOD\ElHornoFMOD.vcxproj", "{934AD8B7-D3A6-4568-B66E-DBF0E75A5B3B}"
EndProject
Project("{8BC9CEB8-8B4A-11D0-8D11-00A0C91BC942}") = "ElHornoOgre", "Projects\ElHornoOgre\ElHornoOgre.vcxproj", "{6B56414A-6D93-4A8A-940F-255B82FBE4E7}"
EndProject
Project("{8BC9CEB8-8B4A-11D0-8D11-00A0C91BC942}") = "ElHornoLua", "Projects\ElHornoLua\ElHornoLua\ElHornoLua.vcxproj", "{C52388E5-8A4A-4A11-B8FB-DCD321C24DEC}"
EndProject
Global
	GlobalSection(SolutionConfigurationPlatforms) = preSolution
		Debug|x64 = Debug|x64
		Debug|x86 = Debug|x86
		Release|x64 = Release|x64
		Release|x86 = Release|x86
	EndGlobalSection
	GlobalSection(ProjectConfigurationPlatforms) = postSolution
		{9DFF8A63-CBC1-4E02-A642-992B5A527F5B}.Debug|x64.ActiveCfg = Debug|x64
		{9DFF8A63-CBC1-4E02-A642-992B5A527F5B}.Debug|x64.Build.0 = Debug|x64
		{9DFF8A63-CBC1-4E02-A642-992B5A527F5B}.Debug|x86.ActiveCfg = Debug|Win32
		{9DFF8A63-CBC1-4E02-A642-992B5A527F5B}.Debug|x86.Build.0 = Debug|Win32
		{9DFF8A63-CBC1-4E02-A642-992B5A527F5B}.Release|x64.ActiveCfg = Release|x64
		{9DFF8A63-CBC1-4E02-A642-992B5A527F5B}.Release|x64.Build.0 = Release|x64
		{9DFF8A63-CBC1-4E02-A642-992B5A527F5B}.Release|x86.ActiveCfg = Release|Win32
		{9DFF8A63-CBC1-4E02-A642-992B5A527F5B}.Release|x86.Build.0 = Release|Win32
		{4910A6A0-5885-4D79-B7A1-C99FDAB370FE}.Debug|x64.ActiveCfg = Debug|x64
		{4910A6A0-5885-4D79-B7A1-C99FDAB370FE}.Debug|x64.Build.0 = Debug|x64
		{4910A6A0-5885-4D79-B7A1-C99FDAB370FE}.Debug|x86.ActiveCfg = Debug|Win32
		{4910A6A0-5885-4D79-B7A1-C99FDAB370FE}.Debug|x86.Build.0 = Debug|Win32
		{4910A6A0-5885-4D79-B7A1-C99FDAB370FE}.Release|x64.ActiveCfg = Release|x64
		{4910A6A0-5885-4D79-B7A1-C99FDAB370FE}.Release|x64.Build.0 = Release|x64
		{4910A6A0-5885-4D79-B7A1-C99FDAB370FE}.Release|x86.ActiveCfg = Release|Win32
		{4910A6A0-5885-4D79-B7A1-C99FDAB370FE}.Release|x86.Build.0 = Release|Win32
		{9C97FA9F-4C60-470C-AAF4-4B946B30D58D}.Debug|x64.ActiveCfg = Debug|x64
		{9C97FA9F-4C60-470C-AAF4-4B946B30D58D}.Debug|x64.Build.0 = Debug|x64
		{9C97FA9F-4C60-470C-AAF4-4B946B30D58D}.Debug|x86.ActiveCfg = Debug|Win32
		{9C97FA9F-4C60-470C-AAF4-4B946B30D58D}.Debug|x86.Build.0 = Debug|Win32
		{9C97FA9F-4C60-470C-AAF4-4B946B30D58D}.Release|x64.ActiveCfg = Release|x64
		{9C97FA9F-4C60-470C-AAF4-4B946B30D58D}.Release|x64.Build.0 = Release|x64
		{9C97FA9F-4C60-470C-AAF4-4B946B30D58D}.Release|x86.ActiveCfg = Release|Win32
		{9C97FA9F-4C60-470C-AAF4-4B946B30D58D}.Release|x86.Build.0 = Release|Win32
		{934AD8B7-D3A6-4568-B66E-DBF0E75A5B3B}.Debug|x64.ActiveCfg = Debug|x64
		{934AD8B7-D3A6-4568-B66E-DBF0E75A5B3B}.Debug|x64.Build.0 = Debug|x64
		{934AD8B7-D3A6-4568-B66E-DBF0E75A5B3B}.Debug|x86.ActiveCfg = Debug|Win32
		{934AD8B7-D3A6-4568-B66E-DBF0E75A5B3B}.Debug|x86.Build.0 = Debug|Win32
		{934AD8B7-D3A6-4568-B66E-DBF0E75A5B3B}.Release|x64.ActiveCfg = Release|x64
		{934AD8B7-D3A6-4568-B66E-DBF0E75A5B3B}.Release|x64.Build.0 = Release|x64
		{934AD8B7-D3A6-4568-B66E-DBF0E75A5B3B}.Release|x86.ActiveCfg = Release|Win32
		{934AD8B7-D3A6-4568-B66E-DBF0E75A5B3B}.Release|x86.Build.0 = Release|Win32
		{6B56414A-6D93-4A8A-940F-255B82FBE4E7}.Debug|x64.ActiveCfg = Debug|x64
		{6B56414A-6D93-4A8A-940F-255B82FBE4E7}.Debug|x64.Build.0 = Debug|x64
		{6B56414A-6D93-4A8A-940F-255B82FBE4E7}.Debug|x86.ActiveCfg = Debug|Win32
		{6B56414A-6D93-4A8A-940F-255B82FBE4E7}.Debug|x86.Build.0 = Debug|Win32
		{6B56414A-6D93-4A8A-940F-255B82FBE4E7}.Release|x64.ActiveCfg = Release|x64
		{6B56414A-6D93-4A8A-940F-255B82FBE4E7}.Release|x64.Build.0 = Release|x64
		{6B56414A-6D93-4A8A-940F-255B82FBE4E7}.Release|x86.ActiveCfg = Release|Win32
		{6B56414A-6D93-4A8A-940F-255B82FBE4E7}.Release|x86.Build.0 = Release|Win32
		{C52388E5-8A4A-4A11-B8FB-DCD321C24DEC}.Debug|x64.ActiveCfg = Debug|x64
		{C52388E5-8A4A-4A11-B8FB-DCD321C24DEC}.Debug|x64.Build.0 = Debug|x64
		{C52388E5-8A4A-4A11-B8FB-DCD321C24DEC}.Debug|x86.ActiveCfg = Debug|Win32
		{C52388E5-8A4A-4A11-B8FB-DCD321C24DEC}.Debug|x86.Build.0 = Debug|Win32
		{C52388E5-8A4A-4A11-B8FB-DCD321C24DEC}.Release|x64.ActiveCfg = Release|x64
		{C52388E5-8A4A-4A11-B8FB-DCD321C24DEC}.Release|x64.Build.0 = Release|x64
		{C52388E5-8A4A-4A11-B8FB-DCD321C24DEC}.Release|x86.ActiveCfg = Release|Win32
		{C52388E5-8A4A-4A11-B8FB-DCD321C24DEC}.Release|x86.Build.0 = Release|Win32
	EndGlobalSection
	GlobalSection(SolutionProperties) = preSolution
		HideSolutionNode = FALSE
	EndGlobalSection
	GlobalSection(ExtensibilityGlobals) = postSolution
		SolutionGuid = {BAD6E9C1-30A1-4C96-AC42-3EEC0F8E00E6}
	EndGlobalSection
EndGlobal
